
Microsoft Visual Studio Solution File, Format Version 12.00
# Visual Studio Version 17
VisualStudioVersion = 17.5.33414.496
MinimumVisualStudioVersion = 10.0.40219.1
Project("{FAE04EC0-301F-11D3-BF4B-00C04F79EFBC}") = "CheatMW", "CheatMW\CheatMW.csproj", "{CBCEAE6A-4011-4AEE-A48C-9DA25F6E30B1}"
EndProject
Global
	GlobalSection(SolutionConfigurationPlatforms) = preSolution
		Debug|Any CPU = Debug|Any CPU
		Release|Any CPU = Release|Any CPU
	EndGlobalSection
	GlobalSection(ProjectConfigurationPlatforms) = postSolution
		{CBCEAE6A-4011-4AEE-A48C-9DA25F6E30B1}.Debug|Any CPU.ActiveCfg = Debug|Any CPU
		{CBCEAE6A-4011-4AEE-A48C-9DA25F6E30B1}.Debug|Any CPU.Build.0 = Debug|Any CPU
		{CBCEAE6A-4011-4AEE-A48C-9DA25F6E30B1}.Release|Any CPU.ActiveCfg = Release|Any CPU
		{CBCEAE6A-4011-4AEE-A48C-9DA25F6E30B1}.Release|Any CPU.Build.0 = Release|Any CPU
	EndGlobalSection
	GlobalSection(SolutionProperties) = preSolution
		HideSolutionNode = FALSE
	EndGlobalSection
	GlobalSection(ExtensibilityGlobals) = postSolution
		SolutionGuid = {06515AE0-4F88-450A-A30C-800ADE0EE4F6}
	EndGlobalSection
EndGlobal
